github.com/Maxime2/gonl v0.0.0-20240420080631-23d7a6b4c615 h1:dzRnS1mdugkcNHFggbZflfcPtxGgPKw9vFyL1SnreWM=
github.com/Maxime2/gonl v0.0.0-20240420080631-23d7a6b4c615/go.mod h1:USzQa1SqTV6BOkWNz3hH827CrOrsCTPFs0RY9udzTEw=
github.com/Maxime2/tabulated-function v0.0.0-20240707014749-dd97291adb44 h1:BonBPyoeKkorL6Mr88BCzNXq/M+bnXaz8Nerhqkt8is=
github.com/Maxime2/tabulated-function v0.0.0-20240707014749-dd97291adb44/go.mod h1:LOU3X2AsJm8/g4n1HI6iHR8kJdXouLiR3JPMkGmtJ/0=
github.com/Maxime2/tabulated-function v0.0.0-20240707021905-57d316591aa0 h1:X3end5heyCImo43DspXg0+AiracJsL/6sqm0myN20Qo=
github.com/Maxime2/tabulated-function v0.0.0-20240707021905-57d316591aa0/go.mod h1:LOU3X2AsJm8/g4n1HI6iHR8kJdXouLiR3JPMkGmtJ/0=
github.com/Maxime2/tabulated-function v0.0.0-20240807130956-2bae38a5a76f h1:zGyNGRaac/eZf07HcP6jUMN1PgFHUcW/12l+NDaECw8=
github.com/Maxime2/tabulated-function v0.0.0-20240807130956-2bae38a5a76f/go.mod h1:O25w2sqqyOt6SgXgi8riFj+qNCUSZ4AeOw4CkHsqHyo=
github.com/Maxime2/tabulated-function v0.0.0-20240827200743-4ee4faf7eebf h1:ff1suzR7GbdnhHkIC9o835eNbB69uJ68iQhCqX8MuaQ=
github.com/Maxime2/tabulated-function v0.0.0-20240827200743-4ee4faf7eebf/go.mod h1:O25w2sqqyOt6SgXgi8riFj+qNCUSZ4AeOw4CkHsqHyo=
github.com/Maxime2/tabulated-function v0.0.0-20240831114513-0913e88a8233 h1:qD/T2ZvOWPIsVrf04+tQhqNZ1kxDFK3Q9yHOv6dz6+s=
github.com/Maxime2/tabulated-function v0.0.0-20240831114513-0913e88a8233/go.mod h1:O25w2sqqyOt6SgXgi8riFj+qNCUSZ4AeOw4CkHsqHyo=
github.com/Maxime2/tabulated-function v0.0.0-20240902112422-2bc262d85f7b h1:r4dUn8+0pN3ti/RYbiV/uEV9zrylg6u2EuNd0K9VMF4=
github.com/Maxime2/tabulated-function v0.0.0-20240902112422-2bc262d85f7b/go.mod h1:O25w2sqqyOt6SgXgi8riFj+qNCUSZ4AeOw4CkHsqHyo=
github.com/Maxime2/tabulated-function v0.0.0-20240915120636-834ecb816985 h1:aoHlOeE8+sLeRgPkIOSJGLh7Si2G5jkCWPw7+y2AT+I=
github.com/Maxime2/tabulated-function v0.0.0-20240915120636-834ecb816985/go.mod h1:O25w2sqqyOt6SgXgi8riFj+qNCUSZ4AeOw4CkHsqHyo=
github.com/Maxime2/tabulated-function v0.0.0-20240917203417-c5d386a479ca h1:L+4cCkYJ9/WuHmTRECP0tnArkdxVK1BQOKVYq7lNJRc=
github.com/Maxime2/tabulated-function v0.0.0-20240917203417-c5d386a479ca/go.mod h1:O25w2sqqyOt6SgXgi8riFj+qNCUSZ4AeOw4CkHsqHyo=
github.com/Maxime2/tabulated-function v0.0.0-20240918113428-800d4e7d4ef4 h1:0PRaEM6nrD9LiIsknjXmnSMxhZSzTnxNJL8uYbdbDYI=
github.com/Maxime2/tabulated-function v0.0.0-20240918113428-800d4e7d4ef4/go.mod h1:O25w2sqqyOt6SgXgi8riFj+qNCUSZ4AeOw4CkHsqHyo=
github.com/davecgh/go-spew v1.1.1 h1:vj9j/u1bqnvCEfJOwUhtlOARqs3+rkHYY13jYWTU97c=
github.com/davecgh/go-spew v1.1.1/go.mod h1:J7Y8YcW2NihsgmVo/mv3lAwl/skON4iLHjSsI+c5H38=
github.com/kylelemons/godebug v1.1.0 h1:RPNrshWIDI6G2gRW9EHilWtl7Z6Sb1BR0xunSBf0SNc=
github.com/kylelemons/godebug v1.1.0/go.mod h1:9/0rRGxNHcop5bhtWyNeEfOS8JIWk580+fNqagV/RAw=
github.com/pmezard/go-difflib v1.0.0 h1:4DBwDE0NGyQoBHbLQYPwSUPoCMWR5BEzIk/f1lZbAQM=
github.com/pmezard/go-difflib v1.0.0/go.mod h1:iKH77koFhYxTK1pcRnkKkqfTogsbg7gZNVY4sRDYZ/4=
github.com/stretchr/testify v1.8.4 h1:CcVxjf3Q8PM0mHUKJCdn+eZZtm5yQwehR5yeSVQQcUk=
github.com/stretchr/testify v1.8.4/go.mod h1:sz/lmYIOXD/1dqDmKjjqLyZ2RngseejIcXlSw2iwfAo=
github.com/theothertomelliott/acyclic v0.0.0-20180926180839-eba177c77c8a h1:VE0Lt6y6rdH5Qw/U7JBZ8jw8N/t9NmzCiWf0nXGBusQ=
github.com/theothertomelliott/acyclic v0.0.0-20180926180839-eba177c77c8a/go.mod h1:Lf1fgDzzzm31NWJNN1fjs0b0ozYFgalZM/lxm2AK+68=
gopkg.in/check.v1 v0.0.0-20161208181325-20d25e280405 h1:yhCVgyC4o1eVCa2tZl7eS0r+SDo693bJlVdllGtEeKM=
gopkg.in/check.v1 v0.0.0-20161208181325-20d25e280405/go.mod h1:Co6ibVJAznAaIkqp8huTwlJQCZ016jof/cbN4VW5Yz0=
gopkg.in/yaml.v3 v3.0.1 h1:fxVm/GzAzEWqLHuvctI91KS9hhNmmWOoWu0XTYJS7CA=
gopkg.in/yaml.v3 v3.0.1/go.mod h1:K4uyk7z7BCEPqu6E+C64Yfv1cQ7kz7rIZviUmN+EgEM=
